
Microsoft Visual Studio Solution File, Format Version 12.00
# Visual Studio Version 17
VisualStudioVersion = 17.4.33403.182
MinimumVisualStudioVersion = 10.0.40219.1
Project("{FAE04EC0-301F-11D3-BF4B-00C04F79EFBC}") = "Motor_communication", "Motor_communication.csproj", "{F20276BA-55B3-49A3-BEEE-D3D60E18FD82}"
EndProject
Global
	GlobalSection(SolutionConfigurationPlatforms) = preSolution
		Debug|Any CPU = Debug|Any CPU
		Release|Any CPU = Release|Any CPU
	EndGlobalSection
	GlobalSection(ProjectConfigurationPlatforms) = postSolution
		{F20276BA-55B3-49A3-BEEE-D3D60E18FD82}.Debug|Any CPU.ActiveCfg = Debug|Any CPU
		{F20276BA-55B3-49A3-BEEE-D3D60E18FD82}.Debug|Any CPU.Build.0 = Debug|Any CPU
		{F20276BA-55B3-49A3-BEEE-D3D60E18FD82}.Release|Any CPU.ActiveCfg = Release|Any CPU
		{F20276BA-55B3-49A3-BEEE-D3D60E18FD82}.Release|Any CPU.Build.0 = Release|Any CPU
	EndGlobalSection
	GlobalSection(SolutionProperties) = preSolution
		HideSolutionNode = FALSE
	EndGlobalSection
	GlobalSection(ExtensibilityGlobals) = postSolution
		SolutionGuid = {1A80C480-50EF-4180-B716-D0863856CA5A}
	EndGlobalSection
EndGlobal
