
Microsoft Visual Studio Solution File, Format Version 12.00
# Visual Studio Version 17
VisualStudioVersion = 17.4.33403.182
MinimumVisualStudioVersion = 10.0.40219.1
Project("{FAE04EC0-301F-11D3-BF4B-00C04F79EFBC}") = "Serial_Test", "Serial_Test.csproj", "{89355FD4-D23F-4669-8199-D910394FEF58}"
EndProject
Global
	GlobalSection(SolutionConfigurationPlatforms) = preSolution
		Debug|Any CPU = Debug|Any CPU
		Release|Any CPU = Release|Any CPU
	EndGlobalSection
	GlobalSection(ProjectConfigurationPlatforms) = postSolution
		{89355FD4-D23F-4669-8199-D910394FEF58}.Debug|Any CPU.ActiveCfg = Debug|Any CPU
		{89355FD4-D23F-4669-8199-D910394FEF58}.Debug|Any CPU.Build.0 = Debug|Any CPU
		{89355FD4-D23F-4669-8199-D910394FEF58}.Release|Any CPU.ActiveCfg = Release|Any CPU
		{89355FD4-D23F-4669-8199-D910394FEF58}.Release|Any CPU.Build.0 = Release|Any CPU
	EndGlobalSection
	GlobalSection(SolutionProperties) = preSolution
		HideSolutionNode = FALSE
	EndGlobalSection
	GlobalSection(ExtensibilityGlobals) = postSolution
		SolutionGuid = {5B4C9545-4A55-4928-BED3-066562A8750A}
	EndGlobalSection
EndGlobal
