
Microsoft Visual Studio Solution File, Format Version 12.00
# Visual Studio Version 17
VisualStudioVersion = 17.4.33403.182
MinimumVisualStudioVersion = 10.0.40219.1
Project("{FAE04EC0-301F-11D3-BF4B-00C04F79EFBC}") = "Serial_Monitor", "Serial_Monitor.csproj", "{FCBBAF03-2D0B-470E-8919-1CD0A0799C31}"
EndProject
Global
	GlobalSection(SolutionConfigurationPlatforms) = preSolution
		Debug|Any CPU = Debug|Any CPU
		Release|Any CPU = Release|Any CPU
	EndGlobalSection
	GlobalSection(ProjectConfigurationPlatforms) = postSolution
		{FCBBAF03-2D0B-470E-8919-1CD0A0799C31}.Debug|Any CPU.ActiveCfg = Debug|Any CPU
		{FCBBAF03-2D0B-470E-8919-1CD0A0799C31}.Debug|Any CPU.Build.0 = Debug|Any CPU
		{FCBBAF03-2D0B-470E-8919-1CD0A0799C31}.Release|Any CPU.ActiveCfg = Release|Any CPU
		{FCBBAF03-2D0B-470E-8919-1CD0A0799C31}.Release|Any CPU.Build.0 = Release|Any CPU
	EndGlobalSection
	GlobalSection(SolutionProperties) = preSolution
		HideSolutionNode = FALSE
	EndGlobalSection
	GlobalSection(ExtensibilityGlobals) = postSolution
		SolutionGuid = {AB7DE16C-D549-4575-88AF-F9C2AC6CE66B}
	EndGlobalSection
EndGlobal
