
Microsoft Visual Studio Solution File, Format Version 12.00
# Visual Studio Version 17
VisualStudioVersion = 17.4.33403.182
MinimumVisualStudioVersion = 10.0.40219.1
Project("{FAE04EC0-301F-11D3-BF4B-00C04F79EFBC}") = "graph_random", "graph_random.csproj", "{FC439791-3259-462E-8258-1A835A8FA82C}"
EndProject
Global
	GlobalSection(SolutionConfigurationPlatforms) = preSolution
		Debug|Any CPU = Debug|Any CPU
		Release|Any CPU = Release|Any CPU
	EndGlobalSection
	GlobalSection(ProjectConfigurationPlatforms) = postSolution
		{FC439791-3259-462E-8258-1A835A8FA82C}.Debug|Any CPU.ActiveCfg = Debug|Any CPU
		{FC439791-3259-462E-8258-1A835A8FA82C}.Debug|Any CPU.Build.0 = Debug|Any CPU
		{FC439791-3259-462E-8258-1A835A8FA82C}.Release|Any CPU.ActiveCfg = Release|Any CPU
		{FC439791-3259-462E-8258-1A835A8FA82C}.Release|Any CPU.Build.0 = Release|Any CPU
	EndGlobalSection
	GlobalSection(SolutionProperties) = preSolution
		HideSolutionNode = FALSE
	EndGlobalSection
	GlobalSection(ExtensibilityGlobals) = postSolution
		SolutionGuid = {418089CA-2EEB-4705-A9BF-48188090847E}
	EndGlobalSection
EndGlobal
