
Microsoft Visual Studio Solution File, Format Version 12.00
# Visual Studio Version 17
VisualStudioVersion = 17.4.33403.182
MinimumVisualStudioVersion = 10.0.40219.1
Project("{FAE04EC0-301F-11D3-BF4B-00C04F79EFBC}") = "Pulse01", "Pulse01.csproj", "{836A170C-9432-4867-9C16-C60712E90589}"
EndProject
Global
	GlobalSection(SolutionConfigurationPlatforms) = preSolution
		Debug|Any CPU = Debug|Any CPU
		Release|Any CPU = Release|Any CPU
	EndGlobalSection
	GlobalSection(ProjectConfigurationPlatforms) = postSolution
		{836A170C-9432-4867-9C16-C60712E90589}.Debug|Any CPU.ActiveCfg = Debug|Any CPU
		{836A170C-9432-4867-9C16-C60712E90589}.Debug|Any CPU.Build.0 = Debug|Any CPU
		{836A170C-9432-4867-9C16-C60712E90589}.Release|Any CPU.ActiveCfg = Release|Any CPU
		{836A170C-9432-4867-9C16-C60712E90589}.Release|Any CPU.Build.0 = Release|Any CPU
	EndGlobalSection
	GlobalSection(SolutionProperties) = preSolution
		HideSolutionNode = FALSE
	EndGlobalSection
	GlobalSection(ExtensibilityGlobals) = postSolution
		SolutionGuid = {F64BE8A1-5EEF-46E9-B3A7-DE65B5760BF9}
	EndGlobalSection
EndGlobal
